
Microsoft Visual Studio Solution File, Format Version 12.00
# Visual Studio Version 16
VisualStudioVersion = 16.0.29123.88
MinimumVisualStudioVersion = 10.0.40219.1
Project("{2150E333-8FDC-42A3-9474-1A3956D46DE8}") = "src", "src", "{6AF26838-8828-4E90-B101-16A01FC8E802}"
EndProject
Project("{2150E333-8FDC-42A3-9474-1A3956D46DE8}") = "services", "services", "{A44AF716-30BF-4863-A618-04B7ED7F286A}"
EndProject
Project("{2150E333-8FDC-42A3-9474-1A3956D46DE8}") = "infrastructure", "infrastructure", "{56648219-06FB-40F7-B565-9161CBDA79FB}"
EndProject
Project("{2150E333-8FDC-42A3-9474-1A3956D46DE8}") = "1. Common", "1. Common", "{D37CA005-819A-42B5-8EF4-0733A60AD860}"
EndProject
Project("{9A19103F-16F7-4668-BE54-9A1E7A4F7556}") = "Ivas.Common", "Ivas.Common\Ivas.Common.csproj", "{9733C0CE-253D-4345-BC9F-1E2FB0573A4A}"
EndProject
Project("{2150E333-8FDC-42A3-9474-1A3956D46DE8}") = "2. Base", "2. Base", "{DF70D928-41DC-4392-B78C-74BE13A761B5}"
EndProject
Project("{2150E333-8FDC-42A3-9474-1A3956D46DE8}") = "Persistency", "Persistency", "{CAA27180-F01E-431E-A46F-701046F71F4C}"
EndProject
Project("{9A19103F-16F7-4668-BE54-9A1E7A4F7556}") = "Ivas.Persistency", "Ivas.Persistency\Ivas.Persistency.csproj", "{91254AF3-D5EB-4A7D-AD05-CCA6E70C3F00}"
EndProject
Project("{2150E333-8FDC-42A3-9474-1A3956D46DE8}") = "Core", "Core", "{A21DC980-3B2D-4F09-BA55-A20C0D6EEF75}"
EndProject
Project("{9A19103F-16F7-4668-BE54-9A1E7A4F7556}") = "Ivas.Core", "Ivas.Core\Ivas.Core.csproj", "{C5E03646-AFBD-434F-8327-B68611AC109A}"
EndProject
Project("{2150E333-8FDC-42A3-9474-1A3956D46DE8}") = "Entities", "Entities", "{AE780950-3F31-4F58-BF4C-E642A4741A43}"
EndProject
Project("{9A19103F-16F7-4668-BE54-9A1E7A4F7556}") = "Ivas.Entities", "Ivas.Entities\Ivas.Entities.csproj", "{0DD0F58B-2230-496E-8D05-FB7FB8DF90B4}"
EndProject
Project("{9A19103F-16F7-4668-BE54-9A1E7A4F7556}") = "Ivas.Persistency.Database", "Ivas.Persistency.Database\Ivas.Persistency.Database.csproj", "{36F278D3-D78B-4DE0-9523-893FC71C026A}"
EndProject
Project("{2150E333-8FDC-42A3-9474-1A3956D46DE8}") = "TransactionsService", "TransactionsService", "{D7A76648-7816-483C-91DD-BB325F686B96}"
EndProject
Project("{2150E333-8FDC-42A3-9474-1A3956D46DE8}") = "1. Presentation", "1. Presentation", "{36D3439E-C8FB-4307-9B28-04C287EDD8D0}"
EndProject
Project("{2150E333-8FDC-42A3-9474-1A3956D46DE8}") = "2. Core", "2. Core", "{3DB80694-8014-4EBB-9C9F-151E9F541707}"
EndProject
Project("{2150E333-8FDC-42A3-9474-1A3956D46DE8}") = "3. Persistency", "3. Persistency", "{F5BC66A3-94D6-40C7-90AD-3F987982103D}"
EndProject
Project("{2150E333-8FDC-42A3-9474-1A3956D46DE8}") = "4. Entities", "4. Entities", "{3A991A86-DEEB-49B5-83BB-7B9758438E5E}"
EndProject
Project("{2150E333-8FDC-42A3-9474-1A3956D46DE8}") = "5. Common", "5. Common", "{8675F880-A1B6-4477-9AE4-DF573FD5B9CF}"
EndProject
Project("{2150E333-8FDC-42A3-9474-1A3956D46DE8}") = "6. Injection", "6. Injection", "{E0C2EB43-CD8D-41E1-97E2-39198DD542B4}"
EndProject
Project("{9A19103F-16F7-4668-BE54-9A1E7A4F7556}") = "Ivas.Transactions.Injection", "Ivas.Transactions\Ivas.Transactions.Injection\Ivas.Transactions.Injection.csproj", "{1FC7E9EC-96FA-4E44-865A-A3C154305799}"
EndProject
Project("{9A19103F-16F7-4668-BE54-9A1E7A4F7556}") = "Ivas.Transactions.Api", "Ivas.Transactions\Ivas.Transactions.Api\Ivas.Transactions.Api.csproj", "{25E01440-B82E-4B0E-AE3E-9255D1F93982}"
EndProject
Project("{9A19103F-16F7-4668-BE54-9A1E7A4F7556}") = "Ivas.Transactions.Core", "Ivas.Transactions\Ivas.Transactions.Core\Ivas.Transactions.Core.csproj", "{40E971DE-5364-4AB1-8631-13A4DA504E67}"
EndProject
Project("{9A19103F-16F7-4668-BE54-9A1E7A4F7556}") = "Ivas.Transactions.Entities", "Ivas.Transactions\Ivas.Transactions.Entities\Ivas.Transactions.Entities.csproj", "{BD3B3976-269A-4C40-ADF3-417E2504C77D}"
EndProject
Project("{FAE04EC0-301F-11D3-BF4B-00C04F79EFBC}") = "Ivas.Transactions.Persistency", "Ivas.Transactions\Ivas.Transactions.Persistency\Ivas.Transactions.Persistency.csproj", "{DA519DA0-3200-461B-831C-C293AF916E28}"
EndProject
Project("{2150E333-8FDC-42A3-9474-1A3956D46DE8}") = "AccountingService", "AccountingService", "{DBF56C74-817D-4983-9EE2-A10E1357721D}"
EndProject
Project("{2150E333-8FDC-42A3-9474-1A3956D46DE8}") = "1. Presentation", "1. Presentation", "{EA27150F-5587-4F4B-82E2-AED30137E0AD}"
EndProject
Project("{FAE04EC0-301F-11D3-BF4B-00C04F79EFBC}") = "Ivas.Accounting.Api", "Ivas.Accounting\Ivas.Accounting.Api\Ivas.Accounting.Api.csproj", "{835B1B2C-94EA-4BD3-AC4F-99D023F71BD7}"
EndProject
Project("{2150E333-8FDC-42A3-9474-1A3956D46DE8}") = "2. Core", "2. Core", "{628B2416-E622-4BFF-9A84-5B1E7E13C802}"
EndProject
Project("{FAE04EC0-301F-11D3-BF4B-00C04F79EFBC}") = "Ivas.Accounting.Core", "Ivas.Accounting\Ivas.Accounting.Core\Ivas.Accounting.Core.csproj", "{B87AB1A1-EA39-4447-A36D-5E2E820CA6C2}"
EndProject
Project("{2150E333-8FDC-42A3-9474-1A3956D46DE8}") = "3. Persistency", "3. Persistency", "{B04EF800-13D6-4ED0-86F3-32EFF9CC3779}"
EndProject
Project("{2150E333-8FDC-42A3-9474-1A3956D46DE8}") = "4. Entities", "4. Entities", "{0638012F-7CFC-453A-AA33-1BC934293C7B}"
EndProject
Project("{2150E333-8FDC-42A3-9474-1A3956D46DE8}") = "5. Common", "5. Common", "{7290114A-9FB7-462F-B130-397D47AAC94D}"
EndProject
Project("{2150E333-8FDC-42A3-9474-1A3956D46DE8}") = "6. Injection", "6. Injection", "{93CA5573-5ADD-447B-B38A-584FEA73BE49}"
EndProject
Project("{9344BDBB-3E7F-41FC-A0DD-8665D75EE146}") = "Ivas.Accounting.Injection", "Ivas.Accounting\Ivas.Accounting.Injection\Ivas.Accounting.Injection.csproj", "{90B66189-57A0-4B6B-BB4C-2C7D2715E6C5}"
EndProject
Project("{2150E333-8FDC-42A3-9474-1A3956D46DE8}") = "AnalyzerService", "AnalyzerService", "{715EC7CA-B630-4E88-A108-2BCF9493E407}"
EndProject
Project("{2150E333-8FDC-42A3-9474-1A3956D46DE8}") = "1. Api", "1. Api", "{81BD9C63-C1D9-4E95-B488-FB233745F5F5}"
EndProject
Global
	GlobalSection(SolutionConfigurationPlatforms) = preSolution
		Debug|Any CPU = Debug|Any CPU
		Release|Any CPU = Release|Any CPU
	EndGlobalSection
	GlobalSection(ProjectConfigurationPlatforms) = postSolution
		{9733C0CE-253D-4345-BC9F-1E2FB0573A4A}.Debug|Any CPU.ActiveCfg = Debug|Any CPU
		{9733C0CE-253D-4345-BC9F-1E2FB0573A4A}.Debug|Any CPU.Build.0 = Debug|Any CPU
		{9733C0CE-253D-4345-BC9F-1E2FB0573A4A}.Release|Any CPU.ActiveCfg = Release|Any CPU
		{9733C0CE-253D-4345-BC9F-1E2FB0573A4A}.Release|Any CPU.Build.0 = Release|Any CPU
		{91254AF3-D5EB-4A7D-AD05-CCA6E70C3F00}.Debug|Any CPU.ActiveCfg = Debug|Any CPU
		{91254AF3-D5EB-4A7D-AD05-CCA6E70C3F00}.Debug|Any CPU.Build.0 = Debug|Any CPU
		{91254AF3-D5EB-4A7D-AD05-CCA6E70C3F00}.Release|Any CPU.ActiveCfg = Release|Any CPU
		{91254AF3-D5EB-4A7D-AD05-CCA6E70C3F00}.Release|Any CPU.Build.0 = Release|Any CPU
		{C5E03646-AFBD-434F-8327-B68611AC109A}.Debug|Any CPU.ActiveCfg = Debug|Any CPU
		{C5E03646-AFBD-434F-8327-B68611AC109A}.Debug|Any CPU.Build.0 = Debug|Any CPU
		{C5E03646-AFBD-434F-8327-B68611AC109A}.Release|Any CPU.ActiveCfg = Release|Any CPU
		{C5E03646-AFBD-434F-8327-B68611AC109A}.Release|Any CPU.Build.0 = Release|Any CPU
		{0DD0F58B-2230-496E-8D05-FB7FB8DF90B4}.Debug|Any CPU.ActiveCfg = Debug|Any CPU
		{0DD0F58B-2230-496E-8D05-FB7FB8DF90B4}.Debug|Any CPU.Build.0 = Debug|Any CPU
		{0DD0F58B-2230-496E-8D05-FB7FB8DF90B4}.Release|Any CPU.ActiveCfg = Release|Any CPU
		{0DD0F58B-2230-496E-8D05-FB7FB8DF90B4}.Release|Any CPU.Build.0 = Release|Any CPU
		{36F278D3-D78B-4DE0-9523-893FC71C026A}.Debug|Any CPU.ActiveCfg = Debug|Any CPU
		{36F278D3-D78B-4DE0-9523-893FC71C026A}.Debug|Any CPU.Build.0 = Debug|Any CPU
		{36F278D3-D78B-4DE0-9523-893FC71C026A}.Release|Any CPU.ActiveCfg = Release|Any CPU
		{36F278D3-D78B-4DE0-9523-893FC71C026A}.Release|Any CPU.Build.0 = Release|Any CPU
		{1FC7E9EC-96FA-4E44-865A-A3C154305799}.Debug|Any CPU.ActiveCfg = Debug|Any CPU
		{1FC7E9EC-96FA-4E44-865A-A3C154305799}.Debug|Any CPU.Build.0 = Debug|Any CPU
		{1FC7E9EC-96FA-4E44-865A-A3C154305799}.Release|Any CPU.ActiveCfg = Release|Any CPU
		{1FC7E9EC-96FA-4E44-865A-A3C154305799}.Release|Any CPU.Build.0 = Release|Any CPU
		{25E01440-B82E-4B0E-AE3E-9255D1F93982}.Debug|Any CPU.ActiveCfg = Debug|Any CPU
		{25E01440-B82E-4B0E-AE3E-9255D1F93982}.Debug|Any CPU.Build.0 = Debug|Any CPU
		{25E01440-B82E-4B0E-AE3E-9255D1F93982}.Release|Any CPU.ActiveCfg = Release|Any CPU
		{25E01440-B82E-4B0E-AE3E-9255D1F93982}.Release|Any CPU.Build.0 = Release|Any CPU
		{40E971DE-5364-4AB1-8631-13A4DA504E67}.Debug|Any CPU.ActiveCfg = Debug|Any CPU
		{40E971DE-5364-4AB1-8631-13A4DA504E67}.Debug|Any CPU.Build.0 = Debug|Any CPU
		{40E971DE-5364-4AB1-8631-13A4DA504E67}.Release|Any CPU.ActiveCfg = Release|Any CPU
		{40E971DE-5364-4AB1-8631-13A4DA504E67}.Release|Any CPU.Build.0 = Release|Any CPU
		{BD3B3976-269A-4C40-ADF3-417E2504C77D}.Debug|Any CPU.ActiveCfg = Debug|Any CPU
		{BD3B3976-269A-4C40-ADF3-417E2504C77D}.Debug|Any CPU.Build.0 = Debug|Any CPU
		{BD3B3976-269A-4C40-ADF3-417E2504C77D}.Release|Any CPU.ActiveCfg = Release|Any CPU
		{BD3B3976-269A-4C40-ADF3-417E2504C77D}.Release|Any CPU.Build.0 = Release|Any CPU
		{DA519DA0-3200-461B-831C-C293AF916E28}.Debug|Any CPU.ActiveCfg = Debug|Any CPU
		{DA519DA0-3200-461B-831C-C293AF916E28}.Debug|Any CPU.Build.0 = Debug|Any CPU
		{DA519DA0-3200-461B-831C-C293AF916E28}.Release|Any CPU.ActiveCfg = Release|Any CPU
		{DA519DA0-3200-461B-831C-C293AF916E28}.Release|Any CPU.Build.0 = Release|Any CPU
		{835B1B2C-94EA-4BD3-AC4F-99D023F71BD7}.Debug|Any CPU.ActiveCfg = Debug|Any CPU
		{835B1B2C-94EA-4BD3-AC4F-99D023F71BD7}.Debug|Any CPU.Build.0 = Debug|Any CPU
		{835B1B2C-94EA-4BD3-AC4F-99D023F71BD7}.Release|Any CPU.ActiveCfg = Release|Any CPU
		{835B1B2C-94EA-4BD3-AC4F-99D023F71BD7}.Release|Any CPU.Build.0 = Release|Any CPU
		{B87AB1A1-EA39-4447-A36D-5E2E820CA6C2}.Debug|Any CPU.ActiveCfg = Debug|Any CPU
		{B87AB1A1-EA39-4447-A36D-5E2E820CA6C2}.Debug|Any CPU.Build.0 = Debug|Any CPU
		{B87AB1A1-EA39-4447-A36D-5E2E820CA6C2}.Release|Any CPU.ActiveCfg = Release|Any CPU
		{B87AB1A1-EA39-4447-A36D-5E2E820CA6C2}.Release|Any CPU.Build.0 = Release|Any CPU
		{90B66189-57A0-4B6B-BB4C-2C7D2715E6C5}.Debug|Any CPU.ActiveCfg = Debug|Any CPU
		{90B66189-57A0-4B6B-BB4C-2C7D2715E6C5}.Debug|Any CPU.Build.0 = Debug|Any CPU
		{90B66189-57A0-4B6B-BB4C-2C7D2715E6C5}.Release|Any CPU.ActiveCfg = Release|Any CPU
		{90B66189-57A0-4B6B-BB4C-2C7D2715E6C5}.Release|Any CPU.Build.0 = Release|Any CPU
	EndGlobalSection
	GlobalSection(SolutionProperties) = preSolution
		HideSolutionNode = FALSE
	EndGlobalSection
	GlobalSection(NestedProjects) = preSolution
		{A44AF716-30BF-4863-A618-04B7ED7F286A} = {6AF26838-8828-4E90-B101-16A01FC8E802}
		{56648219-06FB-40F7-B565-9161CBDA79FB} = {6AF26838-8828-4E90-B101-16A01FC8E802}
		{D37CA005-819A-42B5-8EF4-0733A60AD860} = {56648219-06FB-40F7-B565-9161CBDA79FB}
		{9733C0CE-253D-4345-BC9F-1E2FB0573A4A} = {D37CA005-819A-42B5-8EF4-0733A60AD860}
		{DF70D928-41DC-4392-B78C-74BE13A761B5} = {56648219-06FB-40F7-B565-9161CBDA79FB}
		{CAA27180-F01E-431E-A46F-701046F71F4C} = {DF70D928-41DC-4392-B78C-74BE13A761B5}
		{91254AF3-D5EB-4A7D-AD05-CCA6E70C3F00} = {CAA27180-F01E-431E-A46F-701046F71F4C}
		{A21DC980-3B2D-4F09-BA55-A20C0D6EEF75} = {DF70D928-41DC-4392-B78C-74BE13A761B5}
		{C5E03646-AFBD-434F-8327-B68611AC109A} = {A21DC980-3B2D-4F09-BA55-A20C0D6EEF75}
		{AE780950-3F31-4F58-BF4C-E642A4741A43} = {DF70D928-41DC-4392-B78C-74BE13A761B5}
		{0DD0F58B-2230-496E-8D05-FB7FB8DF90B4} = {AE780950-3F31-4F58-BF4C-E642A4741A43}
		{36F278D3-D78B-4DE0-9523-893FC71C026A} = {CAA27180-F01E-431E-A46F-701046F71F4C}
		{D7A76648-7816-483C-91DD-BB325F686B96} = {A44AF716-30BF-4863-A618-04B7ED7F286A}
		{36D3439E-C8FB-4307-9B28-04C287EDD8D0} = {D7A76648-7816-483C-91DD-BB325F686B96}
		{3DB80694-8014-4EBB-9C9F-151E9F541707} = {D7A76648-7816-483C-91DD-BB325F686B96}
		{F5BC66A3-94D6-40C7-90AD-3F987982103D} = {D7A76648-7816-483C-91DD-BB325F686B96}
		{3A991A86-DEEB-49B5-83BB-7B9758438E5E} = {D7A76648-7816-483C-91DD-BB325F686B96}
		{8675F880-A1B6-4477-9AE4-DF573FD5B9CF} = {D7A76648-7816-483C-91DD-BB325F686B96}
		{E0C2EB43-CD8D-41E1-97E2-39198DD542B4} = {D7A76648-7816-483C-91DD-BB325F686B96}
		{1FC7E9EC-96FA-4E44-865A-A3C154305799} = {E0C2EB43-CD8D-41E1-97E2-39198DD542B4}
		{25E01440-B82E-4B0E-AE3E-9255D1F93982} = {36D3439E-C8FB-4307-9B28-04C287EDD8D0}
		{40E971DE-5364-4AB1-8631-13A4DA504E67} = {3DB80694-8014-4EBB-9C9F-151E9F541707}
		{BD3B3976-269A-4C40-ADF3-417E2504C77D} = {3A991A86-DEEB-49B5-83BB-7B9758438E5E}
		{DA519DA0-3200-461B-831C-C293AF916E28} = {F5BC66A3-94D6-40C7-90AD-3F987982103D}
		{DBF56C74-817D-4983-9EE2-A10E1357721D} = {A44AF716-30BF-4863-A618-04B7ED7F286A}
		{EA27150F-5587-4F4B-82E2-AED30137E0AD} = {DBF56C74-817D-4983-9EE2-A10E1357721D}
		{835B1B2C-94EA-4BD3-AC4F-99D023F71BD7} = {EA27150F-5587-4F4B-82E2-AED30137E0AD}
		{628B2416-E622-4BFF-9A84-5B1E7E13C802} = {DBF56C74-817D-4983-9EE2-A10E1357721D}
		{B87AB1A1-EA39-4447-A36D-5E2E820CA6C2} = {628B2416-E622-4BFF-9A84-5B1E7E13C802}
		{B04EF800-13D6-4ED0-86F3-32EFF9CC3779} = {DBF56C74-817D-4983-9EE2-A10E1357721D}
		{0638012F-7CFC-453A-AA33-1BC934293C7B} = {DBF56C74-817D-4983-9EE2-A10E1357721D}
		{7290114A-9FB7-462F-B130-397D47AAC94D} = {DBF56C74-817D-4983-9EE2-A10E1357721D}
		{93CA5573-5ADD-447B-B38A-584FEA73BE49} = {DBF56C74-817D-4983-9EE2-A10E1357721D}
		{715EC7CA-B630-4E88-A108-2BCF9493E407} = {A44AF716-30BF-4863-A618-04B7ED7F286A}
		{90B66189-57A0-4B6B-BB4C-2C7D2715E6C5} = {93CA5573-5ADD-447B-B38A-584FEA73BE49}
		{81BD9C63-C1D9-4E95-B488-FB233745F5F5} = {715EC7CA-B630-4E88-A108-2BCF9493E407}
	EndGlobalSection
	GlobalSection(ExtensibilityGlobals) = postSolution
		SolutionGuid = {7528D324-B3C4-4A08-B119-CA563CECBA47}
	EndGlobalSection
EndGlobal
